// !$*UTF8*$!
{
	archiveVersion = 1;
	classes = {
	};
	objectVersion = 50;
	objects = {

/* Begin PBXBuildFile section */
		7D4A4706265639D900126966 /* AppDelegate.swift in Sources */ = {isa = PBXBuildFile; fileRef = 7D4A4705265639D900126966 /* AppDelegate.swift */; };
		7D4A4708265639D900126966 /* SceneDelegate.swift in Sources */ = {isa = PBXBuildFile; fileRef = 7D4A4707265639D900126966 /* SceneDelegate.swift */; };
		7D4A470A265639D900126966 /* ViewController.swift in Sources */ = {isa = PBXBuildFile; fileRef = 7D4A4709265639D900126966 /* ViewController.swift */; };
		7D4A470D265639D900126966 /* Main.storyboard in Resources */ = {isa = PBXBuildFile; fileRef = 7D4A470B265639D900126966 /* Main.storyboard */; };
		7D4A470F265639DA00126966 /* Assets.xcassets in Resources */ = {isa = PBXBuildFile; fileRef = 7D4A470E265639DA00126966 /* Assets.xcassets */; };
		7D4A4712265639DA00126966 /* LaunchScreen.storyboard in Resources */ = {isa = PBXBuildFile; fileRef = 7D4A4710265639DA00126966 /* LaunchScreen.storyboard */; };
		7D4A471D265639DA00126966 /* StreamerTests.swift in Sources */ = {isa = PBXBuildFile; fileRef = 7D4A471C265639DA00126966 /* StreamerTests.swift */; };
		7D4A4728265639DA00126966 /* StreamerUITests.swift in Sources */ = {isa = PBXBuildFile; fileRef = 7D4A4727265639DA00126966 /* StreamerUITests.swift */; };
/* End PBXBuildFile section */

/* Begin PBXContainerItemProxy section */
		7D4A4719265639DA00126966 /* PBXContainerItemProxy */ = {
			isa = PBXContainerItemProxy;
			containerPortal = 7D4A46FA265639D900126966 /* Project object */;
			proxyType = 1;
			remoteGlobalIDString = 7D4A4701265639D900126966;
			remoteInfo = Streamer;
		};
		7D4A4724265639DA00126966 /* PBXContainerItemProxy */ = {
			isa = PBXContainerItemProxy;
			containerPortal = 7D4A46FA265639D900126966 /* Project object */;
			proxyType = 1;
			remoteGlobalIDString = 7D4A4701265639D900126966;
			remoteInfo = Streamer;
		};
/* End PBXContainerItemProxy section */

/* Begin PBXFileReference section */
		7D4A4702265639D900126966 /* Streamer.app */ = {isa = PBXFileReference; explicitFileType = wrapper.application; includeInIndex = 0; path = Streamer.app; sourceTree = BUILT_PRODUCTS_DIR; };
		7D4A4705265639D900126966 /* AppDelegate.swift */ = {isa = PBXFileReference; lastKnownFileType = sourcecode.swift; path = AppDelegate.swift; sourceTree = "<group>"; };
		7D4A4707265639D900126966 /* SceneDelegate.swift */ = {isa = PBXFileReference; lastKnownFileType = sourcecode.swift; path = SceneDelegate.swift; sourceTree = "<group>"; };
		7D4A4709265639D900126966 /* ViewController.swift */ = {isa = PBXFileReference; lastKnownFileType = sourcecode.swift; path = ViewController.swift; sourceTree = "<group>"; };
		7D4A470C265639D900126966 /* Base */ = {isa = PBXFileReference; lastKnownFileType = file.storyboard; name = Base; path = Base.lproj/Main.storyboard; sourceTree = "<group>"; };
		7D4A470E265639DA00126966 /* Assets.xcassets */ = {isa = PBXFileReference; lastKnownFileType = folder.assetcatalog; path = Assets.xcassets; sourceTree = "<group>"; };
		7D4A4711265639DA00126966 /* Base */ = {isa = PBXFileReference; lastKnownFileType = file.storyboard; name = Base; path = Base.lproj/LaunchScreen.storyboard; sourceTree = "<group>"; };
		7D4A4713265639DA00126966 /* Info.plist */ = {isa = PBXFileReference; lastKnownFileType = text.plist.xml; path = Info.plist; sourceTree = "<group>"; };
		7D4A4718265639DA00126966 /* StreamerTests.xctest */ = {isa = PBXFileReference; explicitFileType = wrapper.cfbundle; includeInIndex = 0; path = StreamerTests.xctest; sourceTree = BUILT_PRODUCTS_DIR; };
		7D4A471C265639DA00126966 /* StreamerTests.swift */ = {isa = PBXFileReference; lastKnownFileType = sourcecode.swift; path = StreamerTests.swift; sourceTree = "<group>"; };
		7D4A471E265639DA00126966 /* Info.plist */ = {isa = PBXFileReference; lastKnownFileType = text.plist.xml; path = Info.plist; sourceTree = "<group>"; };
		7D4A4723265639DA00126966 /* StreamerUITests.xctest */ = {isa = PBXFileReference; explicitFileType = wrapper.cfbundle; includeInIndex = 0; path = StreamerUITests.xctest; sourceTree = BUILT_PRODUCTS_DIR; };
		7D4A4727265639DA00126966 /* StreamerUITests.swift */ = {isa = PBXFileReference; lastKnownFileType = sourcecode.swift; path = StreamerUITests.swift; sourceTree = "<group>"; };
		7D4A4729265639DA00126966 /* Info.plist */ = {isa = PBXFileReference; lastKnownFileType = text.plist.xml; path = Info.plist; sourceTree = "<group>"; };
/* End PBXFileReference section */

/* Begin PBXFrameworksBuildPhase section */
		7D4A46FF265639D900126966 /* Frameworks */ = {
			isa = PBXFrameworksBuildPhase;
			buildActionMask = 2147483647;
			files = (
			);
			runOnlyForDeploymentPostprocessing = 0;
		};
		7D4A4715265639DA00126966 /* Frameworks */ = {
			isa = PBXFrameworksBuildPhase;
			buildActionMask = 2147483647;
			files = (
			);
			runOnlyForDeploymentPostprocessing = 0;
		};
		7D4A4720265639DA00126966 /* Frameworks */ = {
			isa = PBXFrameworksBuildPhase;
			buildActionMask = 2147483647;
			files = (
			);
			runOnlyForDeploymentPostprocessing = 0;
		};
/* End PBXFrameworksBuildPhase section */

/* Begin PBXGroup section */
		7D4A46F9265639D900126966 = {
			isa = PBXGroup;
			children = (
				7D4A4704265639D900126966 /* Streamer */,
				7D4A471B265639DA00126966 /* StreamerTests */,
				7D4A4726265639DA00126966 /* StreamerUITests */,
				7D4A4703265639D900126966 /* Products */,
			);
			sourceTree = "<group>";
		};
		7D4A4703265639D900126966 /* Products */ = {
			isa = PBXGroup;
			children = (
				7D4A4702265639D900126966 /* Streamer.app */,
				7D4A4718265639DA00126966 /* StreamerTests.xctest */,
				7D4A4723265639DA00126966 /* StreamerUITests.xctest */,
			);
			name = Products;
			sourceTree = "<group>";
		};
		7D4A4704265639D900126966 /* Streamer */ = {
			isa = PBXGroup;
			children = (
				7D4A4705265639D900126966 /* AppDelegate.swift */,
				7D4A4707265639D900126966 /* SceneDelegate.swift */,
				7D4A4709265639D900126966 /* ViewController.swift */,
				7D4A470B265639D900126966 /* Main.storyboard */,
				7D4A470E265639DA00126966 /* Assets.xcassets */,
				7D4A4710265639DA00126966 /* LaunchScreen.storyboard */,
				7D4A4713265639DA00126966 /* Info.plist */,
			);
			path = Streamer;
			sourceTree = "<group>";
		};
		7D4A471B265639DA00126966 /* StreamerTests */ = {
			isa = PBXGroup;
			children = (
				7D4A471C265639DA00126966 /* StreamerTests.swift */,
				7D4A471E265639DA00126966 /* Info.plist */,
			);
			path = StreamerTests;
			sourceTree = "<group>";
		};
		7D4A4726265639DA00126966 /* StreamerUITests */ = {
			isa = PBXGroup;
			children = (
				7D4A4727265639DA00126966 /* StreamerUITests.swift */,
				7D4A4729265639DA00126966 /* Info.plist */,
			);
			path = StreamerUITests;
			sourceTree = "<group>";
		};
/* End PBXGroup section */

/* Begin PBXNativeTarget section */
		7D4A4701265639D900126966 /* Streamer */ = {
			isa = PBXNativeTarget;
			buildConfigurationList = 7D4A472C265639DA00126966 /* Build configuration list for PBXNativeTarget "Streamer" */;
			buildPhases = (
				7D4A46FE265639D900126966 /* Sources */,
				7D4A46FF265639D900126966 /* Frameworks */,
				7D4A4700265639D900126966 /* Resources */,
			);
			buildRules = (
			);
			dependencies = (
			);
			name = Streamer;
			productName = Streamer;
			productReference = 7D4A4702265639D900126966 /* Streamer.app */;
			productType = "com.apple.product-type.application";
		};
		7D4A4717265639DA00126966 /* StreamerTests */ = {
			isa = PBXNativeTarget;
			buildConfigurationList = 7D4A472F265639DA00126966 /* Build configuration list for PBXNativeTarget "StreamerTests" */;
			buildPhases = (
				7D4A4714265639DA00126966 /* Sources */,
				7D4A4715265639DA00126966 /* Frameworks */,
				7D4A4716265639DA00126966 /* Resources */,
			);
			buildRules = (
			);
			dependencies = (
				7D4A471A265639DA00126966 /* PBXTargetDependency */,
			);
			name = StreamerTests;
			productName = StreamerTests;
			productReference = 7D4A4718265639DA00126966 /* StreamerTests.xctest */;
			productType = "com.apple.product-type.bundle.unit-test";
		};
		7D4A4722265639DA00126966 /* StreamerUITests */ = {
			isa = PBXNativeTarget;
			buildConfigurationList = 7D4A4732265639DA00126966 /* Build configuration list for PBXNativeTarget "StreamerUITests" */;
			buildPhases = (
				7D4A471F265639DA00126966 /* Sources */,
				7D4A4720265639DA00126966 /* Frameworks */,
				7D4A4721265639DA00126966 /* Resources */,
			);
			buildRules = (
			);
			dependencies = (
				7D4A4725265639DA00126966 /* PBXTargetDependency */,
			);
			name = StreamerUITests;
			productName = StreamerUITests;
			productReference = 7D4A4723265639DA00126966 /* StreamerUITests.xctest */;
			productType = "com.apple.product-type.bundle.ui-testing";
		};
/* End PBXNativeTarget section */

/* Begin PBXProject section */
		7D4A46FA265639D900126966 /* Project object */ = {
			isa = PBXProject;
			attributes = {
				LastSwiftUpdateCheck = 1250;
				LastUpgradeCheck = 1250;
				TargetAttributes = {
					7D4A4701265639D900126966 = {
						CreatedOnToolsVersion = 12.5;
					};
					7D4A4717265639DA00126966 = {
						CreatedOnToolsVersion = 12.5;
						TestTargetID = 7D4A4701265639D900126966;
					};
					7D4A4722265639DA00126966 = {
						CreatedOnToolsVersion = 12.5;
						TestTargetID = 7D4A4701265639D900126966;
					};
				};
			};
			buildConfigurationList = 7D4A46FD265639D900126966 /* Build configuration list for PBXProject "Streamer" */;
			compatibilityVersion = "Xcode 9.3";
			developmentRegion = en;
			hasScannedForEncodings = 0;
			knownRegions = (
				en,
				Base,
			);
			mainGroup = 7D4A46F9265639D900126966;
			productRefGroup = 7D4A4703265639D900126966 /* Products */;
			projectDirPath = "";
			projectRoot = "";
			targets = (
				7D4A4701265639D900126966 /* Streamer */,
				7D4A4717265639DA00126966 /* StreamerTests */,
				7D4A4722265639DA00126966 /* StreamerUITests */,
			);
		};
/* End PBXProject section */

/* Begin PBXResourcesBuildPhase section */
		7D4A4700265639D900126966 /* Resources */ = {
			isa = PBXResourcesBuildPhase;
			buildActionMask = 2147483647;
			files = (
				7D4A4712265639DA00126966 /* LaunchScreen.storyboard in Resources */,
				7D4A470F265639DA00126966 /* Assets.xcassets in Resources */,
				7D4A470D265639D900126966 /* Main.storyboard in Resources */,
			);
			runOnlyForDeploymentPostprocessing = 0;
		};
		7D4A4716265639DA00126966 /* Resources */ = {
			isa = PBXResourcesBuildPhase;
			buildActionMask = 2147483647;
			files = (
			);
			runOnlyForDeploymentPostprocessing = 0;
		};
		7D4A4721265639DA00126966 /* Resources */ = {
			isa = PBXResourcesBuildPhase;
			buildActionMask = 2147483647;
			files = (
			);
			runOnlyForDeploymentPostprocessing = 0;
		};
/* End PBXResourcesBuildPhase section */

/* Begin PBXSourcesBuildPhase section */
		7D4A46FE265639D900126966 /* Sources */ = {
			isa = PBXSourcesBuildPhase;
			buildActionMask = 2147483647;
			files = (
				7D4A470A265639D900126966 /* ViewController.swift in Sources */,
				7D4A4706265639D900126966 /* AppDelegate.swift in Sources */,
				7D4A4708265639D900126966 /* SceneDelegate.swift in Sources */,
			);
			runOnlyForDeploymentPostprocessing = 0;
		};
		7D4A4714265639DA00126966 /* Sources */ = {
			isa = PBXSourcesBuildPhase;
			buildActionMask = 2147483647;
			files = (
				7D4A471D265639DA00126966 /* StreamerTests.swift in Sources */,
			);
			runOnlyForDeploymentPostprocessing = 0;
		};
		7D4A471F265639DA00126966 /* Sources */ = {
			isa = PBXSourcesBuildPhase;
			buildActionMask = 2147483647;
			files = (
				7D4A4728265639DA00126966 /* StreamerUITests.swift in Sources */,
			);
			runOnlyForDeploymentPostprocessing = 0;
		};
/* End PBXSourcesBuildPhase section */

/* Begin PBXTargetDependency section */
		7D4A471A265639DA00126966 /* PBXTargetDependency */ = {
			isa = PBXTargetDependency;
			target = 7D4A4701265639D900126966 /* Streamer */;
			targetProxy = 7D4A4719265639DA00126966 /* PBXContainerItemProxy */;
		};
		7D4A4725265639DA00126966 /* PBXTargetDependency */ = {
			isa = PBXTargetDependency;
			target = 7D4A4701265639D900126966 /* Streamer */;
			targetProxy = 7D4A4724265639DA00126966 /* PBXContainerItemProxy */;
		};
/* End PBXTargetDependency section */

/* Begin PBXVariantGroup section */
		7D4A470B265639D900126966 /* Main.storyboard */ = {
			isa = PBXVariantGroup;
			children = (
				7D4A470C265639D900126966 /* Base */,
			);
			name = Main.storyboard;
			sourceTree = "<group>";
		};
		7D4A4710265639DA00126966 /* LaunchScreen.storyboard */ = {
			isa = PBXVariantGroup;
			children = (
				7D4A4711265639DA00126966 /* Base */,
			);
			name = LaunchScreen.storyboard;
			sourceTree = "<group>";
		};
/* End PBXVariantGroup section */

/* Begin XCBuildConfiguration section */
		7D4A472A265639DA00126966 /* Debug */ = {
			isa = XCBuildConfiguration;
			buildSettings = {
				ALWAYS_SEARCH_USER_PATHS = NO;
				CLANG_ANALYZER_NONNULL = YES;
				CLANG_ANALYZER_NUMBER_OBJECT_CONVERSION = YES_AGGRESSIVE;
				CLANG_CXX_LANGUAGE_STANDARD = "gnu++14";
				CLANG_CXX_LIBRARY = "libc++";
				CLANG_ENABLE_MODULES = YES;
				CLANG_ENABLE_OBJC_ARC = YES;
				CLANG_ENABLE_OBJC_WEAK = YES;
				CLANG_WARN_BLOCK_CAPTURE_AUTORELEASING = YES;
				CLANG_WARN_BOOL_CONVERSION = YES;
				CLANG_WARN_COMMA = YES;
				CLANG_WARN_CONSTANT_CONVERSION = YES;
				CLANG_WARN_DEPRECATED_OBJC_IMPLEMENTATIONS = YES;
				CLANG_WARN_DIRECT_OBJC_ISA_USAGE = YES_ERROR;
				CLANG_WARN_DOCUMENTATION_COMMENTS = YES;
				CLANG_WARN_EMPTY_BODY = YES;
				CLANG_WARN_ENUM_CONVERSION = YES;
				CLANG_WARN_INFINITE_RECURSION = YES;
				CLANG_WARN_INT_CONVERSION = YES;
				CLANG_WARN_NON_LITERAL_NULL_CONVERSION = YES;
				CLANG_WARN_OBJC_IMPLICIT_RETAIN_SELF = YES;
				CLANG_WARN_OBJC_LITERAL_CONVERSION = YES;
				CLANG_WARN_OBJC_ROOT_CLASS = YES_ERROR;
				CLANG_WARN_QUOTED_INCLUDE_IN_FRAMEWORK_HEADER = YES;
				CLANG_WARN_RANGE_LOOP_ANALYSIS = YES;
				CLANG_WARN_STRICT_PROTOTYPES = YES;
				CLANG_WARN_SUSPICIOUS_MOVE = YES;
				CLANG_WARN_UNGUARDED_AVAILABILITY = YES_AGGRESSIVE;
				CLANG_WARN_UNREACHABLE_CODE = YES;
				CLANG_WARN__DUPLICATE_METHOD_MATCH = YES;
				COPY_PHASE_STRIP = NO;
				DEBUG_INFORMATION_FORMAT = dwarf;
				ENABLE_STRICT_OBJC_MSGSEND = YES;
				ENABLE_TESTABILITY = YES;
				GCC_C_LANGUAGE_STANDARD = gnu11;
				GCC_DYNAMIC_NO_PIC = NO;
				GCC_NO_COMMON_BLOCKS = YES;
				GCC_OPTIMIZATION_LEVEL = 0;
				GCC_PREPROCESSOR_DEFINITIONS = (
					"DEBUG=1",
					"$(inherited)",
				);
				GCC_WARN_64_TO_32_BIT_CONVERSION = YES;
				GCC_WARN_ABOUT_RETURN_TYPE = YES_ERROR;
				GCC_WARN_UNDECLARED_SELECTOR = YES;
				GCC_WARN_UNINITIALIZED_AUTOS = YES_AGGRESSIVE;
				GCC_WARN_UNUSED_FUNCTION = YES;
				GCC_WARN_UNUSED_VARIABLE = YES;
				IPHONEOS_DEPLOYMENT_TARGET = 14.5;
				MTL_ENABLE_DEBUG_INFO = INCLUDE_SOURCE;
				MTL_FAST_MATH = YES;
				ONLY_ACTIVE_ARCH = YES;
				SDKROOT = iphoneos;
				SWIFT_ACTIVE_COMPILATION_CONDITIONS = DEBUG;
				SWIFT_OPTIMIZATION_LEVEL = "-Onone";
			};
			name = Debug;
		};
		7D4A472B265639DA00126966 /* Release */ = {
			isa = XCBuildConfiguration;
			buildSettings = {
				ALWAYS_SEARCH_USER_PATHS = NO;
				CLANG_ANALYZER_NONNULL = YES;
				CLANG_ANALYZER_NUMBER_OBJECT_CONVERSION = YES_AGGRESSIVE;
				CLANG_CXX_LANGUAGE_STANDARD = "gnu++14";
				CLANG_CXX_LIBRARY = "libc++";
				CLANG_ENABLE_MODULES = YES;
				CLANG_ENABLE_OBJC_ARC = YES;
				CLANG_ENABLE_OBJC_WEAK = YES;
				CLANG_WARN_BLOCK_CAPTURE_AUTORELEASING = YES;
				CLANG_WARN_BOOL_CONVERSION = YES;
				CLANG_WARN_COMMA = YES;
				CLANG_WARN_CONSTANT_CONVERSION = YES;
				CLANG_WARN_DEPRECATED_OBJC_IMPLEMENTATIONS = YES;
				CLANG_WARN_DIRECT_OBJC_ISA_USAGE = YES_ERROR;
				CLANG_WARN_DOCUMENTATION_COMMENTS = YES;
				CLANG_WARN_EMPTY_BODY = YES;
				CLANG_WARN_ENUM_CONVERSION = YES;
				CLANG_WARN_INFINITE_RECURSION = YES;
				CLANG_WARN_INT_CONVERSION = YES;
				CLANG_WARN_NON_LITERAL_NULL_CONVERSION = YES;
				CLANG_WARN_OBJC_IMPLICIT_RETAIN_SELF = YES;
				CLANG_WARN_OBJC_LITERAL_CONVERSION = YES;
				CLANG_WARN_OBJC_ROOT_CLASS = YES_ERROR;
				CLANG_WARN_QUOTED_INCLUDE_IN_FRAMEWORK_HEADER = YES;
				CLANG_WARN_RANGE_LOOP_ANALYSIS = YES;
				CLANG_WARN_STRICT_PROTOTYPES = YES;
				CLANG_WARN_SUSPICIOUS_MOVE = YES;
				CLANG_WARN_UNGUARDED_AVAILABILITY = YES_AGGRESSIVE;
				CLANG_WARN_UNREACHABLE_CODE = YES;
				CLANG_WARN__DUPLICATE_METHOD_MATCH = YES;
				COPY_PHASE_STRIP = NO;
				DEBUG_INFORMATION_FORMAT = "dwarf-with-dsym";
				ENABLE_NS_ASSERTIONS = NO;
				ENABLE_STRICT_OBJC_MSGSEND = YES;
				GCC_C_LANGUAGE_STANDARD = gnu11;
				GCC_NO_COMMON_BLOCKS = YES;
				GCC_WARN_64_TO_32_BIT_CONVERSION = YES;
				GCC_WARN_ABOUT_RETURN_TYPE = YES_ERROR;
				GCC_WARN_UNDECLARED_SELECTOR = YES;
				GCC_WARN_UNINITIALIZED_AUTOS = YES_AGGRESSIVE;
				GCC_WARN_UNUSED_FUNCTION = YES;
				GCC_WARN_UNUSED_VARIABLE = YES;
				IPHONEOS_DEPLOYMENT_TARGET = 14.5;
				MTL_ENABLE_DEBUG_INFO = NO;
				MTL_FAST_MATH = YES;
				SDKROOT = iphoneos;
				SWIFT_COMPILATION_MODE = wholemodule;
				SWIFT_OPTIMIZATION_LEVEL = "-O";
				VALIDATE_PRODUCT = YES;
			};
			name = Release;
		};
		7D4A472D265639DA00126966 /* Debug */ = {
			isa = XCBuildConfiguration;
			buildSettings = {
				ASSETCATALOG_COMPILER_APPICON_NAME = AppIcon;
				ASSETCATALOG_COMPILER_GLOBAL_ACCENT_COLOR_NAME = AccentColor;
				CODE_SIGN_STYLE = Automatic;
				DEVELOPMENT_TEAM = UUD9YNVCE7;
				INFOPLIST_FILE = Streamer/Info.plist;
				IPHONEOS_DEPLOYMENT_TARGET = 13.0;
				LD_RUNPATH_SEARCH_PATHS = (
					"$(inherited)",
					"@executable_path/Frameworks",
				);
				PRODUCT_BUNDLE_IDENTIFIER = com.yweiqian.Streamer;
				PRODUCT_NAME = "$(TARGET_NAME)";
				SWIFT_VERSION = 5.0;
				TARGETED_DEVICE_FAMILY = "1,2";
			};
			name = Debug;
		};
		7D4A472E265639DA00126966 /* Release */ = {
			isa = XCBuildConfiguration;
			buildSettings = {
				ASSETCATALOG_COMPILER_APPICON_NAME = AppIcon;
				ASSETCATALOG_COMPILER_GLOBAL_ACCENT_COLOR_NAME = AccentColor;
				CODE_SIGN_STYLE = Automatic;
				DEVELOPMENT_TEAM = UUD9YNVCE7;
				INFOPLIST_FILE = Streamer/Info.plist;
				IPHONEOS_DEPLOYMENT_TARGET = 13.0;
				LD_RUNPATH_SEARCH_PATHS = (
					"$(inherited)",
					"@executable_path/Frameworks",
				);
				PRODUCT_BUNDLE_IDENTIFIER = com.yweiqian.Streamer;
				PRODUCT_NAME = "$(TARGET_NAME)";
				SWIFT_VERSION = 5.0;
				TARGETED_DEVICE_FAMILY = "1,2";
			};
			name = Release;
		};
		7D4A4730265639DA00126966 /* Debug */ = {
			isa = XCBuildConfiguration;
			buildSettings = {
				ALWAYS_EMBED_SWIFT_STANDARD_LIBRARIES = YES;
				BUNDLE_LOADER = "$(TEST_HOST)";
				CODE_SIGN_STYLE = Automatic;
				DEVELOPMENT_TEAM = UUD9YNVCE7;
				INFOPLIST_FILE = StreamerTests/Info.plist;
				IPHONEOS_DEPLOYMENT_TARGET = 14.5;
				LD_RUNPATH_SEARCH_PATHS = (
					"$(inherited)",
					"@executable_path/Frameworks",
					"@loader_path/Frameworks",
				);
				PRODUCT_BUNDLE_IDENTIFIER = com.yweiqian.StreamerTests;
				PRODUCT_NAME = "$(TARGET_NAME)";
				SWIFT_VERSION = 5.0;
				TARGETED_DEVICE_FAMILY = "1,2";
				TEST_HOST = "$(BUILT_PRODUCTS_DIR)/Streamer.app/Streamer";
			};
			name = Debug;
		};
		7D4A4731265639DA00126966 /* Release */ = {
			isa = XCBuildConfiguration;
			buildSettings = {
				ALWAYS_EMBED_SWIFT_STANDARD_LIBRARIES = YES;
				BUNDLE_LOADER = "$(TEST_HOST)";
				CODE_SIGN_STYLE = Automatic;
				DEVELOPMENT_TEAM = UUD9YNVCE7;
				INFOPLIST_FILE = StreamerTests/Info.plist;
				IPHONEOS_DEPLOYMENT_TARGET = 14.5;
				LD_RUNPATH_SEARCH_PATHS = (
					"$(inherited)",
					"@executable_path/Frameworks",
					"@loader_path/Frameworks",
				);
				PRODUCT_BUNDLE_IDENTIFIER = com.yweiqian.StreamerTests;
				PRODUCT_NAME = "$(TARGET_NAME)";
				SWIFT_VERSION = 5.0;
				TARGETED_DEVICE_FAMILY = "1,2";
				TEST_HOST = "$(BUILT_PRODUCTS_DIR)/Streamer.app/Streamer";
			};
			name = Release;
		};
		7D4A4733265639DA00126966 /* Debug */ = {
			isa = XCBuildConfiguration;
			buildSettings = {
				ALWAYS_EMBED_SWIFT_STANDARD_LIBRARIES = YES;
				CODE_SIGN_STYLE = Automatic;
				DEVELOPMENT_TEAM = UUD9YNVCE7;
				INFOPLIST_FILE = StreamerUITests/Info.plist;
				LD_RUNPATH_SEARCH_PATHS = (
					"$(inherited)",
					"@executable_path/Frameworks",
					"@loader_path/Frameworks",
				);
				PRODUCT_BUNDLE_IDENTIFIER = com.yweiqian.StreamerUITests;
				PRODUCT_NAME = "$(TARGET_NAME)";
				SWIFT_VERSION = 5.0;
				TARGETED_DEVICE_FAMILY = "1,2";
				TEST_TARGET_NAME = Streamer;
			};
			name = Debug;
		};
		7D4A4734265639DA00126966 /* Release */ = {
			isa = XCBuildConfiguration;
			buildSettings = {
				ALWAYS_EMBED_SWIFT_STANDARD_LIBRARIES = YES;
				CODE_SIGN_STYLE = Automatic;
				DEVELOPMENT_TEAM = UUD9YNVCE7;
				INFOPLIST_FILE = StreamerUITests/Info.plist;
				LD_RUNPATH_SEARCH_PATHS = (
					"$(inherited)",
					"@executable_path/Frameworks",
					"@loader_path/Frameworks",
				);
				PRODUCT_BUNDLE_IDENTIFIER = com.yweiqian.StreamerUITests;
				PRODUCT_NAME = "$(TARGET_NAME)";
				SWIFT_VERSION = 5.0;
				TARGETED_DEVICE_FAMILY = "1,2";
				TEST_TARGET_NAME = Streamer;
			};
			name = Release;
		};
/* End XCBuildConfiguration section */

/* Begin XCConfigurationList section */
		7D4A46FD265639D900126966 /* Build configuration list for PBXProject "Streamer" */ = {
			isa = XCConfigurationList;
			buildConfigurations = (
				7D4A472A265639DA00126966 /* Debug */,
				7D4A472B265639DA00126966 /* Release */,
			);
			defaultConfigurationIsVisible = 0;
			defaultConfigurationName = Release;
		};
		7D4A472C265639DA00126966 /* Build configuration list for PBXNativeTarget "Streamer" */ = {
			isa = XCConfigurationList;
			buildConfigurations = (
				7D4A472D265639DA00126966 /* Debug */,
				7D4A472E265639DA00126966 /* Release */,
			);
			defaultConfigurationIsVisible = 0;
			defaultConfigurationName = Release;
		};
		7D4A472F265639DA00126966 /* Build configuration list for PBXNativeTarget "StreamerTests" */ = {
			isa = XCConfigurationList;
			buildConfigurations = (
				7D4A4730265639DA00126966 /* Debug */,
				7D4A4731265639DA00126966 /* Release */,
			);
			defaultConfigurationIsVisible = 0;
			defaultConfigurationName = Release;
		};
		7D4A4732265639DA00126966 /* Build configuration list for PBXNativeTarget "StreamerUITests" */ = {
			isa = XCConfigurationList;
			buildConfigurations = (
				7D4A4733265639DA00126966 /* Debug */,
				7D4A4734265639DA00126966 /* Release */,
			);
			defaultConfigurationIsVisible = 0;
			defaultConfigurationName = Release;
		};
/* End XCConfigurationList section */
	};
	rootObject = 7D4A46FA265639D900126966 /* Project object */;
}
